github.com/golang-jwt/jwt/v5 v5.2.1 h1:OuVbFODueb089Lh128TAcimifWaLhJwVflnrgM17wHk=
github.com/golang-jwt/jwt/v5 v5.2.1/go.mod h1:pqrtFR0X4osieyHYxtmOUWsAWrfe1Q5UVIyoH402zdk=
github.com/patrickkabwe/go-fcm v0.2.0 h1:dqRyYSJwC6Dy3ABQMHdIK2jXqN4Nf2eXaHZ7JCYdYmI=
github.com/patrickkabwe/go-fcm v0.2.0/go.mod h1:F//w2lQRwN7q6lXblqvrIrbp0S4ZL1MwxnO0ldTZPQs=
